
Microsoft Visual Studio Solution File, Format Version 12.00
# Visual Studio Version 17
VisualStudioVersion = 17.11.35327.3
MinimumVisualStudioVersion = 10.0.40219.1
Project("{9A19103F-16F7-4668-BE54-9A1E7A4F7556}") = "DISC_PruebaTecnica", "DISC_PruebaTecnica\DISC_PruebaTecnica.csproj", "{12257804-A1E5-45F1-A3DA-D17584DB80A3}"
EndProject
Project("{FAE04EC0-301F-11D3-BF4B-00C04F79EFBC}") = "PruebasUnitarias", "PruebasUnitarias\PruebasUnitarias.csproj", "{0B479E29-F142-4615-8B3A-BF756C7DA87F}"
EndProject
Global
	GlobalSection(SolutionConfigurationPlatforms) = preSolution
		Debug|Any CPU = Debug|Any CPU
		Release|Any CPU = Release|Any CPU
	EndGlobalSection
	GlobalSection(ProjectConfigurationPlatforms) = postSolution
		{12257804-A1E5-45F1-A3DA-D17584DB80A3}.Debug|Any CPU.ActiveCfg = Debug|Any CPU
		{12257804-A1E5-45F1-A3DA-D17584DB80A3}.Debug|Any CPU.Build.0 = Debug|Any CPU
		{12257804-A1E5-45F1-A3DA-D17584DB80A3}.Release|Any CPU.ActiveCfg = Release|Any CPU
		{12257804-A1E5-45F1-A3DA-D17584DB80A3}.Release|Any CPU.Build.0 = Release|Any CPU
		{0B479E29-F142-4615-8B3A-BF756C7DA87F}.Debug|Any CPU.ActiveCfg = Debug|Any CPU
		{0B479E29-F142-4615-8B3A-BF756C7DA87F}.Debug|Any CPU.Build.0 = Debug|Any CPU
		{0B479E29-F142-4615-8B3A-BF756C7DA87F}.Release|Any CPU.ActiveCfg = Release|Any CPU
		{0B479E29-F142-4615-8B3A-BF756C7DA87F}.Release|Any CPU.Build.0 = Release|Any CPU
	EndGlobalSection
	GlobalSection(SolutionProperties) = preSolution
		HideSolutionNode = FALSE
	EndGlobalSection
	GlobalSection(ExtensibilityGlobals) = postSolution
		SolutionGuid = {B750B67B-E92C-4253-A664-CB9F112B5FC0}
	EndGlobalSection
EndGlobal
